
Microsoft Visual Studio Solution File, Format Version 12.00
# Visual Studio Version 16
VisualStudioVersion = 16.0.32002.261
MinimumVisualStudioVersion = 10.0.40219.1
Project("{9A19103F-16F7-4668-BE54-9A1E7A4F7556}") = "StudioRent", "StudioRent\StudioRent.csproj", "{F6B32D1C-CDF4-4181-8497-C2356B083501}"
EndProject
Global
	GlobalSection(SolutionConfigurationPlatforms) = preSolution
		Debug|Any CPU = Debug|Any CPU
		Release|Any CPU = Release|Any CPU
	EndGlobalSection
	GlobalSection(ProjectConfigurationPlatforms) = postSolution
		{F6B32D1C-CDF4-4181-8497-C2356B083501}.Debug|Any CPU.ActiveCfg = Debug|Any CPU
		{F6B32D1C-CDF4-4181-8497-C2356B083501}.Debug|Any CPU.Build.0 = Debug|Any CPU
		{F6B32D1C-CDF4-4181-8497-C2356B083501}.Release|Any CPU.ActiveCfg = Release|Any CPU
		{F6B32D1C-CDF4-4181-8497-C2356B083501}.Release|Any CPU.Build.0 = Release|Any CPU
	EndGlobalSection
	GlobalSection(SolutionProperties) = preSolution
		HideSolutionNode = FALSE
	EndGlobalSection
	GlobalSection(ExtensibilityGlobals) = postSolution
		SolutionGuid = {4BAE0AA2-8475-40AE-BA93-36F5E1A71746}
	EndGlobalSection
EndGlobal
